<?xml version="1.0" encoding="utf-8"?>
<Project ToolsVersion="4.0" xmlns="http://schemas.microsoft.com/developer/msbuild/2003">
  <ItemGroup>
    <Filter Include="Source Files">
      <UniqueIdentifier>{4FC737F1-C7A5-4376-A066-2A32D752A2FF}</UniqueIdentifier>
      <Extensions>cpp;c;cc;cxx;def;odl;idl;hpj;bat;asm;asmx</Extensions>
    </Filter>
    <Filter Include="Header Files">
      <UniqueIdentifier>{93995380-89BD-4b04-88EB-625FBE52EBFB}</UniqueIdentifier>
      <Extensions>h;hh;hpp;hxx;hm;inl;inc;xsd</Extensions>
    </Filter>
    <Filter Include="Resource Files">
      <UniqueIdentifier>{67DA6AB6-F800-4c08-8B7A-83BB121AAD01}</UniqueIdentifier>
      <Extensions>rc;ico;cur;bmp;dlg;rc2;rct;bin;rgs;gif;jpg;jpeg;jpe;resx;tiff;tif;png;wav;mfcribbon-ms</Extensions>
    </Filter>
    <Filter Include="Header Files\depends">
      <UniqueIdentifier>{a4cd0bce-0a2a-43d9-9c9f-b21a3b607e90}</UniqueIdentifier>
    </Filter>
    <Filter Include="Header Files\boilerplate">
      <UniqueIdentifier>{a85ee263-380d-4d37-b167-6629cfd5177f}</UniqueIdentifier>
    </Filter>
    <Filter Include="Source Files\boilerplate">
      <UniqueIdentifier>{010a0176-a146-4d3a-824a-fd683904774d}</UniqueIdentifier>
    </Filter>
    <Filter Include="Header Files\J2534_CAN">
      <UniqueIdentifier>{71c9502a-ee59-4d5e-873f-c9cc792e7c76}</UniqueIdentifier>
    </Filter>
    <Filter Include="Header Files\J2534_ISO15765">
      <UniqueIdentifier>{4fd3183a-c457-430c-b762-f767a5788bca}</UniqueIdentifier>
    </Filter>
    <Filter Include="Source Files\J2534_ISO15765">
      <UniqueIdentifier>{53cd179e-22d8-43e2-bc61-516d3861fae6}</UniqueIdentifier>
    </Filter>
    <Filter Include="Source Files\J2534_CAN">
      <UniqueIdentifier>{08d548b5-4d0b-4ce4-85e6-5ff3fc987758}</UniqueIdentifier>
    </Filter>
    <Filter Include="Source Files\J2534_ISO14230">
      <UniqueIdentifier>{b5c1874e-d3f8-4465-89c5-2e2b7e9f4fa4}</UniqueIdentifier>
    </Filter>
    <Filter Include="Header Files\J2534_ISO14230">
      <UniqueIdentifier>{b5a39015-f3ca-4888-bd5f-785aeec91345}</UniqueIdentifier>
    </Filter>
  </ItemGroup>
  <ItemGroup>
    <ClInclude Include="J2534Connection.h">
      <Filter>Header Files</Filter>
    </ClInclude>
    <ClInclude Include="PandaJ2534Device.h">
      <Filter>Header Files</Filter>
    </ClInclude>
    <ClInclude Include="Timer.h">
      <Filter>Header Files</Filter>
    </ClInclude>
    <ClInclude Include="J2534MessageFilter.h">
      <Filter>Header Files</Filter>
    </ClInclude>
    <ClInclude Include="synchronize.h">
      <Filter>Header Files</Filter>
    </ClInclude>
    <ClInclude Include="J2534Connection_CAN.h">
      <Filter>Header Files\J2534_CAN</Filter>
    </ClInclude>
    <ClInclude Include="J2534Connection_ISO15765.h">
      <Filter>Header Files\J2534_ISO15765</Filter>
    </ClInclude>
    <ClInclude Include="J2534_v0404.h">
      <Filter>Header Files\depends</Filter>
    </ClInclude>
    <ClInclude Include="..\panda\panda.h">
      <Filter>Header Files\depends</Filter>
    </ClInclude>
    <ClInclude Include="dllmain.h">
      <Filter>Header Files\boilerplate</Filter>
    </ClInclude>
    <ClInclude Include="resource.h">
      <Filter>Header Files\boilerplate</Filter>
    </ClInclude>
    <ClInclude Include="stdafx.h">
      <Filter>Header Files\boilerplate</Filter>
    </ClInclude>
    <ClInclude Include="targetver.h">
      <Filter>Header Files\boilerplate</Filter>
    </ClInclude>
    <ClInclude Include="J2534Frame.h">
      <Filter>Header Files</Filter>
    </ClInclude>
    <ClInclude Include="MessageTx_ISO15765.h">
      <Filter>Header Files\J2534_ISO15765</Filter>
    </ClInclude>
    <ClInclude Include="MessageRx.h">
      <Filter>Header Files</Filter>
    </ClInclude>
    <ClInclude Include="constants_ISO15765.h">
      <Filter>Header Files\J2534_ISO15765</Filter>
    </ClInclude>
    <ClInclude Include="MessageTx_CAN.h">
      <Filter>Header Files\J2534_CAN</Filter>
    </ClInclude>
    <ClInclude Include="MessageTxTimeout.h">
      <Filter>Header Files</Filter>
    </ClInclude>
    <ClInclude Include="Action.h">
      <Filter>Header Files</Filter>
    </ClInclude>
    <ClInclude Include="MessageTx.h">
      <Filter>Header Files</Filter>
    </ClInclude>
    <ClInclude Include="MessagePeriodic.h">
      <Filter>Header Files</Filter>
    </ClInclude>
    <ClInclude Include="J2534Connection_ISO14230.h">
      <Filter>Header Files\J2534_ISO14230</Filter>
    </ClInclude>
    <ClInclude Include="MessageTx_ISO14230.h">
      <Filter>Header Files\J2534_ISO14230</Filter>
    </ClInclude>
  </ItemGroup>
  <ItemGroup>
    <ClCompile Include="pandaJ2534DLL.cpp">
      <Filter>Source Files</Filter>
    </ClCompile>
    <ClCompile Include="J2534Connection.cpp">
      <Filter>Source Files</Filter>
    </ClCompile>
    <ClCompile Include="PandaJ2534Device.cpp">
      <Filter>Source Files</Filter>
    </ClCompile>
    <ClCompile Include="Timer.cpp">
      <Filter>Source Files</Filter>
    </ClCompile>
    <ClCompile Include="J2534MessageFilter.cpp">
      <Filter>Source Files</Filter>
    </ClCompile>
    <ClCompile Include="J2534Connection_CAN.cpp">
      <Filter>Source Files\J2534_CAN</Filter>
    </ClCompile>
    <ClCompile Include="J2534Connection_ISO15765.cpp">
      <Filter>Source Files\J2534_ISO15765</Filter>
    </ClCompile>
    <ClCompile Include="dllmain.cpp">
      <Filter>Source Files\boilerplate</Filter>
    </ClCompile>
    <ClCompile Include="stdafx.cpp">
      <Filter>Source Files\boilerplate</Filter>
    </ClCompile>
    <ClCompile Include="MessageTx_ISO15765.cpp">
      <Filter>Source Files\J2534_ISO15765</Filter>
    </ClCompile>
    <ClCompile Include="MessageTxTimeout.cpp">
      <Filter>Source Files</Filter>
    </ClCompile>
    <ClCompile Include="MessageTx_CAN.cpp">
      <Filter>Source Files\J2534_CAN</Filter>
    </ClCompile>
    <ClCompile Include="MessagePeriodic.cpp">
      <Filter>Source Files</Filter>
    </ClCompile>
    <ClCompile Include="J2534Connection_ISO14230.cpp">
      <Filter>Source Files\J2534_ISO14230</Filter>
    </ClCompile>
    <ClCompile Include="MessageTx_ISO14230.cpp">
      <Filter>Source Files\J2534_ISO14230</Filter>
    </ClCompile>
  </ItemGroup>
  <ItemGroup>
    <ResourceCompile Include="pandaJ2534DLL.rc">
      <Filter>Resource Files</Filter>
    </ResourceCompile>
  </ItemGroup>
  <ItemGroup>
    <None Include="ClassDiagram.cd" />
  </ItemGroup>
</Project>