
Microsoft Visual Studio Solution File, Format Version 12.00
# Visual Studio 15
VisualStudioVersion = 15.0.27130.2027
MinimumVisualStudioVersion = 10.0.40219.1
Project("{8BC9CEB8-8B4A-11D0-8D11-00A0C91BC942}") = "pandaJ2534DLL", "pandaJ2534DLL\pandaJ2534DLL.vcxproj", "{A2BB18A5-F26B-48D6-BBB5-B83D64473C77}"
EndProject
Project("{8BC9CEB8-8B4A-11D0-8D11-00A0C91BC942}") = "panda", "panda\panda.vcxproj", "{5528AEFB-638D-49AF-B9D4-965154E7D531}"
EndProject
Project("{8BC9CEB8-8B4A-11D0-8D11-00A0C91BC942}") = "panda_playground", "panda_playground\panda_playground.vcxproj", "{691DB635-C272-4B98-897E-0505B970DCA9}"
	ProjectSection(ProjectDependencies) = postProject
		{5528AEFB-638D-49AF-B9D4-965154E7D531} = {5528AEFB-638D-49AF-B9D4-965154E7D531}
	EndProjectSection
EndProject
Project("{8BC9CEB8-8B4A-11D0-8D11-00A0C91BC942}") = "panda Driver Package", "panda Driver Package\panda Driver Package.vcxproj", "{BD34DB24-F5DC-4992-A74F-05FAF731ABED}"
EndProject
Project("{8BC9CEB8-8B4A-11D0-8D11-00A0C91BC942}") = "Tests", "pandaJ2534DLL Test\pandaJ2534DLL Test.vcxproj", "{7912F978-B48C-4C5D-8BFD-5D1E22158E47}"
EndProject
Project("{8BC9CEB8-8B4A-11D0-8D11-00A0C91BC942}") = "ECUsim DLL", "ECUsim DLL\ECUsim DLL.vcxproj", "{96E0E646-EE76-444D-9A77-A0CD7F781DEB}"
EndProject
Project("{8BC9CEB8-8B4A-11D0-8D11-00A0C91BC942}") = "ECUsim CLI", "ECUsim CLI\ECUsim CLI.vcxproj", "{D99E2FCD-21A4-4065-949A-31E34E0E69D1}"
EndProject
Project("{8BC9CEB8-8B4A-11D0-8D11-00A0C91BC942}") = "panda_shared", "panda_shared\panda_shared.vcxitems", "{0C843279-68C7-4679-AE51-9BC463D50D1C}"
EndProject
Global
	GlobalSection(SharedMSBuildProjectFiles) = preSolution
		panda_shared\panda_shared.vcxitems*{0c843279-68c7-4679-ae51-9bc463d50d1c}*SharedItemsImports = 9
		panda_shared\panda_shared.vcxitems*{5528aefb-638d-49af-b9d4-965154e7d531}*SharedItemsImports = 4
		panda_shared\panda_shared.vcxitems*{a2bb18a5-f26b-48d6-bbb5-b83d64473c77}*SharedItemsImports = 4
	EndGlobalSection
	GlobalSection(SolutionConfigurationPlatforms) = preSolution
		Debug|x64 = Debug|x64
		Debug|x86 = Debug|x86
		Release|x64 = Release|x64
		Release|x86 = Release|x86
	EndGlobalSection
	GlobalSection(ProjectConfigurationPlatforms) = postSolution
		{A2BB18A5-F26B-48D6-BBB5-B83D64473C77}.Debug|x64.ActiveCfg = Debug|Win32
		{A2BB18A5-F26B-48D6-BBB5-B83D64473C77}.Debug|x86.ActiveCfg = Debug|Win32
		{A2BB18A5-F26B-48D6-BBB5-B83D64473C77}.Debug|x86.Build.0 = Debug|Win32
		{A2BB18A5-F26B-48D6-BBB5-B83D64473C77}.Release|x64.ActiveCfg = Release|Win32
		{A2BB18A5-F26B-48D6-BBB5-B83D64473C77}.Release|x86.ActiveCfg = Release|Win32
		{A2BB18A5-F26B-48D6-BBB5-B83D64473C77}.Release|x86.Build.0 = Release|Win32
		{5528AEFB-638D-49AF-B9D4-965154E7D531}.Debug|x64.ActiveCfg = Debug|x64
		{5528AEFB-638D-49AF-B9D4-965154E7D531}.Debug|x64.Build.0 = Debug|x64
		{5528AEFB-638D-49AF-B9D4-965154E7D531}.Debug|x86.ActiveCfg = Debug|Win32
		{5528AEFB-638D-49AF-B9D4-965154E7D531}.Debug|x86.Build.0 = Debug|Win32
		{5528AEFB-638D-49AF-B9D4-965154E7D531}.Release|x64.ActiveCfg = Release|x64
		{5528AEFB-638D-49AF-B9D4-965154E7D531}.Release|x64.Build.0 = Release|x64
		{5528AEFB-638D-49AF-B9D4-965154E7D531}.Release|x86.ActiveCfg = Release|Win32
		{5528AEFB-638D-49AF-B9D4-965154E7D531}.Release|x86.Build.0 = Release|Win32
		{691DB635-C272-4B98-897E-0505B970DCA9}.Debug|x64.ActiveCfg = Debug|x64
		{691DB635-C272-4B98-897E-0505B970DCA9}.Debug|x64.Build.0 = Debug|x64
		{691DB635-C272-4B98-897E-0505B970DCA9}.Debug|x86.ActiveCfg = Debug|Win32
		{691DB635-C272-4B98-897E-0505B970DCA9}.Debug|x86.Build.0 = Debug|Win32
		{691DB635-C272-4B98-897E-0505B970DCA9}.Release|x64.ActiveCfg = Release|x64
		{691DB635-C272-4B98-897E-0505B970DCA9}.Release|x64.Build.0 = Release|x64
		{691DB635-C272-4B98-897E-0505B970DCA9}.Release|x86.ActiveCfg = Release|Win32
		{BD34DB24-F5DC-4992-A74F-05FAF731ABED}.Debug|x64.ActiveCfg = Debug|Win32
		{BD34DB24-F5DC-4992-A74F-05FAF731ABED}.Debug|x86.ActiveCfg = Debug|Win32
		{BD34DB24-F5DC-4992-A74F-05FAF731ABED}.Release|x64.ActiveCfg = Release|Win32
		{BD34DB24-F5DC-4992-A74F-05FAF731ABED}.Release|x86.ActiveCfg = Release|Win32
		{7912F978-B48C-4C5D-8BFD-5D1E22158E47}.Debug|x64.ActiveCfg = Debug|Win32
		{7912F978-B48C-4C5D-8BFD-5D1E22158E47}.Debug|x86.ActiveCfg = Debug|Win32
		{7912F978-B48C-4C5D-8BFD-5D1E22158E47}.Debug|x86.Build.0 = Debug|Win32
		{7912F978-B48C-4C5D-8BFD-5D1E22158E47}.Release|x64.ActiveCfg = Release|Win32
		{7912F978-B48C-4C5D-8BFD-5D1E22158E47}.Release|x86.ActiveCfg = Release|Win32
		{96E0E646-EE76-444D-9A77-A0CD7F781DEB}.Debug|x64.ActiveCfg = Debug|x64
		{96E0E646-EE76-444D-9A77-A0CD7F781DEB}.Debug|x64.Build.0 = Debug|x64
		{96E0E646-EE76-444D-9A77-A0CD7F781DEB}.Debug|x86.ActiveCfg = Debug|Win32
		{96E0E646-EE76-444D-9A77-A0CD7F781DEB}.Debug|x86.Build.0 = Debug|Win32
		{96E0E646-EE76-444D-9A77-A0CD7F781DEB}.Release|x64.ActiveCfg = Release|x64
		{96E0E646-EE76-444D-9A77-A0CD7F781DEB}.Release|x64.Build.0 = Release|x64
		{96E0E646-EE76-444D-9A77-A0CD7F781DEB}.Release|x86.ActiveCfg = Release|Win32
		{D99E2FCD-21A4-4065-949A-31E34E0E69D1}.Debug|x64.ActiveCfg = Debug|x64
		{D99E2FCD-21A4-4065-949A-31E34E0E69D1}.Debug|x64.Build.0 = Debug|x64
		{D99E2FCD-21A4-4065-949A-31E34E0E69D1}.Debug|x86.ActiveCfg = Debug|Win32
		{D99E2FCD-21A4-4065-949A-31E34E0E69D1}.Debug|x86.Build.0 = Debug|Win32
		{D99E2FCD-21A4-4065-949A-31E34E0E69D1}.Release|x64.ActiveCfg = Release|x64
		{D99E2FCD-21A4-4065-949A-31E34E0E69D1}.Release|x64.Build.0 = Release|x64
		{D99E2FCD-21A4-4065-949A-31E34E0E69D1}.Release|x86.ActiveCfg = Release|Win32
	EndGlobalSection
	GlobalSection(SolutionProperties) = preSolution
		HideSolutionNode = FALSE
	EndGlobalSection
	GlobalSection(ExtensibilityGlobals) = postSolution
		SolutionGuid = {8AF3826E-406A-4F1C-BA80-B4D7FD4B52E1}
	EndGlobalSection
	GlobalSection(Performance) = preSolution
		HasPerformanceSessions = true
	EndGlobalSection
EndGlobal
